
Microsoft Visual Studio Solution File, Format Version 12.00
# Visual Studio Version 17
VisualStudioVersion = 17.7.34031.279
MinimumVisualStudioVersion = 10.0.40219.1
Project("{FAE04EC0-301F-11D3-BF4B-00C04F79EFBC}") = "AssistedProject16", "AssistedProject16.csproj", "{A3A9FB51-29AB-4B84-9A50-4FB45B51E6EE}"
EndProject
Global
	GlobalSection(SolutionConfigurationPlatforms) = preSolution
		Debug|Any CPU = Debug|Any CPU
		Release|Any CPU = Release|Any CPU
	EndGlobalSection
	GlobalSection(ProjectConfigurationPlatforms) = postSolution
		{A3A9FB51-29AB-4B84-9A50-4FB45B51E6EE}.Debug|Any CPU.ActiveCfg = Debug|Any CPU
		{A3A9FB51-29AB-4B84-9A50-4FB45B51E6EE}.Debug|Any CPU.Build.0 = Debug|Any CPU
		{A3A9FB51-29AB-4B84-9A50-4FB45B51E6EE}.Release|Any CPU.ActiveCfg = Release|Any CPU
		{A3A9FB51-29AB-4B84-9A50-4FB45B51E6EE}.Release|Any CPU.Build.0 = Release|Any CPU
	EndGlobalSection
	GlobalSection(SolutionProperties) = preSolution
		HideSolutionNode = FALSE
	EndGlobalSection
	GlobalSection(ExtensibilityGlobals) = postSolution
		SolutionGuid = {E25C05EB-4910-4153-8DA4-8CBEA332F1E0}
	EndGlobalSection
EndGlobal
